
Microsoft Visual Studio Solution File, Format Version 12.00
# Visual Studio Version 17
VisualStudioVersion = 17.7.34024.191
MinimumVisualStudioVersion = 10.0.40219.1
Project("{FAE04EC0-301F-11D3-BF4B-00C04F79EFBC}") = "food ordering app", "food ordering app\food ordering app.csproj", "{4D01C0C6-0AC9-4E3A-8FD3-89CA7FCBE1ED}"
EndProject
Global
	GlobalSection(SolutionConfigurationPlatforms) = preSolution
		Debug|Any CPU = Debug|Any CPU
		Release|Any CPU = Release|Any CPU
	EndGlobalSection
	GlobalSection(ProjectConfigurationPlatforms) = postSolution
		{4D01C0C6-0AC9-4E3A-8FD3-89CA7FCBE1ED}.Debug|Any CPU.ActiveCfg = Debug|Any CPU
		{4D01C0C6-0AC9-4E3A-8FD3-89CA7FCBE1ED}.Debug|Any CPU.Build.0 = Debug|Any CPU
		{4D01C0C6-0AC9-4E3A-8FD3-89CA7FCBE1ED}.Release|Any CPU.ActiveCfg = Release|Any CPU
		{4D01C0C6-0AC9-4E3A-8FD3-89CA7FCBE1ED}.Release|Any CPU.Build.0 = Release|Any CPU
	EndGlobalSection
	GlobalSection(SolutionProperties) = preSolution
		HideSolutionNode = FALSE
	EndGlobalSection
	GlobalSection(ExtensibilityGlobals) = postSolution
		SolutionGuid = {A18539E4-E05E-4F85-8A52-3576B6C22343}
	EndGlobalSection
EndGlobal
